
Microsoft Visual Studio Solution File, Format Version 12.00
# Visual Studio 15
VisualStudioVersion = 15.0.28010.2026
MinimumVisualStudioVersion = 10.0.40219.1
Project("{9A19103F-16F7-4668-BE54-9A1E7A4F7556}") = "CaveBase.WebAPI", "CaveBase.WebAPI\CaveBase.WebAPI.csproj", "{7BC0D523-046B-4580-BFE9-3967BDC3710E}"
EndProject
Project("{9A19103F-16F7-4668-BE54-9A1E7A4F7556}") = "CaveBase.Library", "CaveBase.Library\CaveBase.Library.csproj", "{F39F75EE-B17B-4F24-9B27-6627D84C1872}"
EndProject
Project("{FAE04EC0-301F-11D3-BF4B-00C04F79EFBC}") = "CaveBase.MVC", "CaveBase.MVC\CaveBase.MVC.csproj", "{11A4D111-6C35-40FB-B0DD-96639DFC445A}"
EndProject
Global
	GlobalSection(SolutionConfigurationPlatforms) = preSolution
		Debug|Any CPU = Debug|Any CPU
		Release|Any CPU = Release|Any CPU
	EndGlobalSection
	GlobalSection(ProjectConfigurationPlatforms) = postSolution
		{7BC0D523-046B-4580-BFE9-3967BDC3710E}.Debug|Any CPU.ActiveCfg = Debug|Any CPU
		{7BC0D523-046B-4580-BFE9-3967BDC3710E}.Debug|Any CPU.Build.0 = Debug|Any CPU
		{7BC0D523-046B-4580-BFE9-3967BDC3710E}.Release|Any CPU.ActiveCfg = Release|Any CPU
		{7BC0D523-046B-4580-BFE9-3967BDC3710E}.Release|Any CPU.Build.0 = Release|Any CPU
		{F39F75EE-B17B-4F24-9B27-6627D84C1872}.Debug|Any CPU.ActiveCfg = Debug|Any CPU
		{F39F75EE-B17B-4F24-9B27-6627D84C1872}.Debug|Any CPU.Build.0 = Debug|Any CPU
		{F39F75EE-B17B-4F24-9B27-6627D84C1872}.Release|Any CPU.ActiveCfg = Release|Any CPU
		{F39F75EE-B17B-4F24-9B27-6627D84C1872}.Release|Any CPU.Build.0 = Release|Any CPU
		{11A4D111-6C35-40FB-B0DD-96639DFC445A}.Debug|Any CPU.ActiveCfg = Debug|Any CPU
		{11A4D111-6C35-40FB-B0DD-96639DFC445A}.Debug|Any CPU.Build.0 = Debug|Any CPU
		{11A4D111-6C35-40FB-B0DD-96639DFC445A}.Release|Any CPU.ActiveCfg = Release|Any CPU
		{11A4D111-6C35-40FB-B0DD-96639DFC445A}.Release|Any CPU.Build.0 = Release|Any CPU
	EndGlobalSection
	GlobalSection(SolutionProperties) = preSolution
		HideSolutionNode = FALSE
	EndGlobalSection
	GlobalSection(ExtensibilityGlobals) = postSolution
		SolutionGuid = {C6101787-DB4E-4CF1-B9AD-8C9D59FE1A9C}
	EndGlobalSection
EndGlobal
